{
    "_readme": [
        "This file locks the dependencies of your project to a known state",
        "Read more about it at https://getcomposer.org/doc/01-basic-usage.md#installing-dependencies",
        "This file is @generated automatically"
    ],
    "content-hash": "a81d36c4c05a082d3aa1958de5c4f958",
    "packages": [],
    "packages-dev": [
        {
            "name": "farmasic/core",
            "version": "dev-main",
            "dist": {
                "type": "path",
                "url": "../farmasic",
                "reference": "2c1a2a94e615dd4ca9b68876d20af4b1688b8f47"
            },
            "require": {
                "fpdf/fpdf": "^1.85",
                "phpmailer/phpmailer": "^6.7",
                "smarty/smarty": "^4.3"
            },
            "type": "library",
            "autoload": {
                "files": [
                    "config/defines.inc.php",
                    "config/bootstrings.php",
                    "config/define_uri.inc.php",
                    "config/autoload.php"
                ],
                "classmap": [
                    "config/",
                    "core/",
                    "classes"
                ]
            },
            "license": [
                "MIT"
            ],
            "authors": [
                {
                    "name": "Carlos Sandrea"
                }
            ],
            "transport-options": {
                "relative": true
            }
        },
        {
            "name": "fpdf/fpdf",
            "version": "1.85.0",
            "source": {
                "type": "git",
                "url": "https://github.com/coreydoughty/Fpdf.git",
                "reference": "5ba6a7d4363174ac828a0c15cc1b4a8f845b1e16"
            },
            "dist": {
                "type": "zip",
                "url": "https://api.github.com/repos/coreydoughty/Fpdf/zipball/5ba6a7d4363174ac828a0c15cc1b4a8f845b1e16",
                "reference": "5ba6a7d4363174ac828a0c15cc1b4a8f845b1e16",
                "shasum": ""
            },
            "require": {
                "php": ">=5.6.0"
            },
            "type": "library",
            "extra": {
                "laravel": {
                    "aliases": {
                        "FPDF": "Fpdf\\Fpdf"
                    }
                }
            },
            "autoload": {
                "psr-4": {
                    "Fpdf\\": "src/Fpdf"
                }
            },
            "notification-url": "https://packagist.org/downloads/",
            "license": [
                "MIT"
            ],
            "authors": [
                {
                    "name": "Corey Doughty",
                    "email": "corey@doughty.ca"
                }
            ],
            "description": "FPDF Composer Wrapper",
            "homepage": "https://github.com/coreydoughty/Fpdf",
            "keywords": [
                "fpdf",
                "pdf",
                "wrapper"
            ],
            "support": {
                "issues": "https://github.com/coreydoughty/Fpdf/issues",
                "source": "https://github.com/coreydoughty/Fpdf/tree/1.85.0"
            },
            "time": "2022-11-18T15:23:37+00:00"
        },
        {
            "name": "phpmailer/phpmailer",
            "version": "v6.7.1",
            "source": {
                "type": "git",
                "url": "https://github.com/PHPMailer/PHPMailer.git",
                "reference": "49cd7ea3d2563f028d7811f06864a53b1f15ff55"
            },
            "dist": {
                "type": "zip",
                "url": "https://api.github.com/repos/PHPMailer/PHPMailer/zipball/49cd7ea3d2563f028d7811f06864a53b1f15ff55",
                "reference": "49cd7ea3d2563f028d7811f06864a53b1f15ff55",
                "shasum": ""
            },
            "require": {
                "ext-ctype": "*",
                "ext-filter": "*",
                "ext-hash": "*",
                "php": ">=5.5.0"
            },
            "require-dev": {
                "dealerdirect/phpcodesniffer-composer-installer": "^0.7.2",
                "doctrine/annotations": "^1.2.6 || ^1.13.3",
                "php-parallel-lint/php-console-highlighter": "^1.0.0",
                "php-parallel-lint/php-parallel-lint": "^1.3.2",
                "phpcompatibility/php-compatibility": "^9.3.5",
                "roave/security-advisories": "dev-latest",
                "squizlabs/php_codesniffer": "^3.7.1",
                "yoast/phpunit-polyfills": "^1.0.4"
            },
            "suggest": {
                "ext-mbstring": "Needed to send email in multibyte encoding charset or decode encoded addresses",
                "ext-openssl": "Needed for secure SMTP sending and DKIM signing",
                "greew/oauth2-azure-provider": "Needed for Microsoft Azure XOAUTH2 authentication",
                "hayageek/oauth2-yahoo": "Needed for Yahoo XOAUTH2 authentication",
                "league/oauth2-google": "Needed for Google XOAUTH2 authentication",
                "psr/log": "For optional PSR-3 debug logging",
                "symfony/polyfill-mbstring": "To support UTF-8 if the Mbstring PHP extension is not enabled (^1.2)",
                "thenetworg/oauth2-azure": "Needed for Microsoft XOAUTH2 authentication"
            },
            "type": "library",
            "autoload": {
                "psr-4": {
                    "PHPMailer\\PHPMailer\\": "src/"
                }
            },
            "notification-url": "https://packagist.org/downloads/",
            "license": [
                "LGPL-2.1-only"
            ],
            "authors": [
                {
                    "name": "Marcus Bointon",
                    "email": "phpmailer@synchromedia.co.uk"
                },
                {
                    "name": "Jim Jagielski",
                    "email": "jimjag@gmail.com"
                },
                {
                    "name": "Andy Prevost",
                    "email": "codeworxtech@users.sourceforge.net"
                },
                {
                    "name": "Brent R. Matzelle"
                }
            ],
            "description": "PHPMailer is a full-featured email creation and transfer class for PHP",
            "support": {
                "issues": "https://github.com/PHPMailer/PHPMailer/issues",
                "source": "https://github.com/PHPMailer/PHPMailer/tree/v6.7.1"
            },
            "funding": [
                {
                    "url": "https://github.com/Synchro",
                    "type": "github"
                }
            ],
            "time": "2022-12-08T13:30:06+00:00"
        },
        {
            "name": "smarty/smarty",
            "version": "v4.3.0",
            "source": {
                "type": "git",
                "url": "https://github.com/smarty-php/smarty.git",
                "reference": "c02e9e135ea719b91f457a0072748ded0e852e7d"
            },
            "dist": {
                "type": "zip",
                "url": "https://api.github.com/repos/smarty-php/smarty/zipball/c02e9e135ea719b91f457a0072748ded0e852e7d",
                "reference": "c02e9e135ea719b91f457a0072748ded0e852e7d",
                "shasum": ""
            },
            "require": {
                "php": "^7.1 || ^8.0"
            },
            "require-dev": {
                "phpunit/phpunit": "^8.5 || ^7.5",
                "smarty/smarty-lexer": "^3.1"
            },
            "type": "library",
            "extra": {
                "branch-alias": {
                    "dev-master": "4.0.x-dev"
                }
            },
            "autoload": {
                "classmap": [
                    "libs/"
                ]
            },
            "notification-url": "https://packagist.org/downloads/",
            "license": [
                "LGPL-3.0"
            ],
            "authors": [
                {
                    "name": "Monte Ohrt",
                    "email": "monte@ohrt.com"
                },
                {
                    "name": "Uwe Tews",
                    "email": "uwe.tews@googlemail.com"
                },
                {
                    "name": "Rodney Rehm",
                    "email": "rodney.rehm@medialize.de"
                },
                {
                    "name": "Simon Wisselink",
                    "homepage": "https://www.iwink.nl/"
                }
            ],
            "description": "Smarty - the compiling PHP template engine",
            "homepage": "https://smarty-php.github.io/smarty/",
            "keywords": [
                "templating"
            ],
            "support": {
                "forum": "https://github.com/smarty-php/smarty/discussions",
                "issues": "https://github.com/smarty-php/smarty/issues",
                "source": "https://github.com/smarty-php/smarty/tree/v4.3.0"
            },
            "time": "2022-11-22T21:47:32+00:00"
        }
    ],
    "aliases": [],
    "minimum-stability": "dev",
    "stability-flags": [],
    "prefer-stable": true,
    "prefer-lowest": false,
    "platform": [],
    "platform-dev": [],
    "plugin-api-version": "2.3.0"
}
